
Microsoft Visual Studio Solution File, Format Version 12.00
# Visual Studio Version 17
VisualStudioVersion = 17.5.002.0
MinimumVisualStudioVersion = 10.0.40219.1
Project("{2150E333-8FDC-42A3-9474-1A3956D46DE8}") = "target", "target", "{8C17B985-EFBD-4FBF-9653-19BC6B91FBFE}"
EndProject
Project("{2150E333-8FDC-42A3-9474-1A3956D46DE8}") = "classes", "classes", "{4B48DA9C-22C9-40B1-A564-145EE9E4D8D1}"
EndProject
Project("{2150E333-8FDC-42A3-9474-1A3956D46DE8}") = "static", "static", "{B60B90D8-3740-4236-8762-CFF1DB84B113}"
EndProject
Project("{2150E333-8FDC-42A3-9474-1A3956D46DE8}") = "csharp", "csharp", "{F67C6C50-1BA5-4985-B7F3-B31756C5B55F}"
EndProject
Project("{2150E333-8FDC-42A3-9474-1A3956D46DE8}") = "descending", "descending", "{7F76E48A-D6E3-4D29-AC7F-C4B118B5B9B2}"
EndProject
Project("{9A19103F-16F7-4668-BE54-9A1E7A4F7556}") = "QuickSortProject", "target\classes\static\csharp\descending\QuickSortProject\QuickSortProject.csproj", "{5DAF7A9C-CD52-4516-B041-262CA5BB0AAA}"
EndProject
Project("{9A19103F-16F7-4668-BE54-9A1E7A4F7556}") = "BubbleSortProject", "target\classes\static\csharp\descending\BubbleSortProject\BubbleSortProject.csproj", "{2502F0B5-1B72-4B7D-9561-A185752CA97B}"
EndProject
Project("{2150E333-8FDC-42A3-9474-1A3956D46DE8}") = "ascending", "ascending", "{E762E9DC-4ABC-41D4-B7AA-532B10779B4A}"
EndProject
Project("{9A19103F-16F7-4668-BE54-9A1E7A4F7556}") = "QuickSortProject", "target\classes\static\csharp\ascending\QuickSortProject\QuickSortProject.csproj", "{D69E8911-3484-4A24-B80E-565D593691FB}"
EndProject
Project("{9A19103F-16F7-4668-BE54-9A1E7A4F7556}") = "BubbleSortAscending.cs", "target\classes\static\csharp\ascending\BubbleSortProject\BubbleSortAscending.cs.csproj", "{03CD9CF6-7F59-40E4-8B7B-EA25AAC78380}"
EndProject
Project("{2150E333-8FDC-42A3-9474-1A3956D46DE8}") = "src", "src", "{D01D82C5-B07F-4BE0-AAD2-ECFA543D855D}"
EndProject
Project("{2150E333-8FDC-42A3-9474-1A3956D46DE8}") = "main", "main", "{5EAAC942-9AF2-4EDE-9BAF-47E0E20E33CF}"
EndProject
Project("{2150E333-8FDC-42A3-9474-1A3956D46DE8}") = "resources", "resources", "{2B4E4F36-38B4-4D1A-9F20-B2E46A8E1AF7}"
EndProject
Project("{2150E333-8FDC-42A3-9474-1A3956D46DE8}") = "static", "static", "{85328BB4-F64C-4698-998D-07A542E9385C}"
EndProject
Project("{2150E333-8FDC-42A3-9474-1A3956D46DE8}") = "csharp", "csharp", "{393E4B4D-D038-4403-BB01-AD6E7CB05D9A}"
EndProject
Project("{2150E333-8FDC-42A3-9474-1A3956D46DE8}") = "descending", "descending", "{2F1D76B9-7C56-4FB9-A3F4-78284BEE944E}"
EndProject
Project("{9A19103F-16F7-4668-BE54-9A1E7A4F7556}") = "QuickSortProject", "src\main\resources\static\csharp\descending\QuickSortProject\QuickSortProject.csproj", "{A0D12E2F-3AD0-4858-8134-B5850DFDB608}"
EndProject
Project("{9A19103F-16F7-4668-BE54-9A1E7A4F7556}") = "BubbleSortProject", "src\main\resources\static\csharp\descending\BubbleSortProject\BubbleSortProject.csproj", "{5A6D4866-2DC2-4B7C-BC41-EC7F7C6D9160}"
EndProject
Project("{2150E333-8FDC-42A3-9474-1A3956D46DE8}") = "ascending", "ascending", "{CCC9FDD3-0186-4161-A486-3C599CBA1777}"
EndProject
Project("{9A19103F-16F7-4668-BE54-9A1E7A4F7556}") = "QuickSortProject", "src\main\resources\static\csharp\ascending\QuickSortProject\QuickSortProject.csproj", "{7A1FC3F1-537D-43EB-A67B-A222A8033E1B}"
EndProject
Project("{9A19103F-16F7-4668-BE54-9A1E7A4F7556}") = "BubbleSortAscending.cs", "src\main\resources\static\csharp\ascending\BubbleSortProject\BubbleSortAscending.cs.csproj", "{9FE4D6D3-1712-41C8-A379-F33C24CD8043}"
EndProject
Global
	GlobalSection(SolutionConfigurationPlatforms) = preSolution
		Debug|Any CPU = Debug|Any CPU
		Release|Any CPU = Release|Any CPU
	EndGlobalSection
	GlobalSection(ProjectConfigurationPlatforms) = postSolution
		{5DAF7A9C-CD52-4516-B041-262CA5BB0AAA}.Debug|Any CPU.ActiveCfg = Debug|Any CPU
		{5DAF7A9C-CD52-4516-B041-262CA5BB0AAA}.Debug|Any CPU.Build.0 = Debug|Any CPU
		{5DAF7A9C-CD52-4516-B041-262CA5BB0AAA}.Release|Any CPU.ActiveCfg = Release|Any CPU
		{5DAF7A9C-CD52-4516-B041-262CA5BB0AAA}.Release|Any CPU.Build.0 = Release|Any CPU
		{2502F0B5-1B72-4B7D-9561-A185752CA97B}.Debug|Any CPU.ActiveCfg = Debug|Any CPU
		{2502F0B5-1B72-4B7D-9561-A185752CA97B}.Debug|Any CPU.Build.0 = Debug|Any CPU
		{2502F0B5-1B72-4B7D-9561-A185752CA97B}.Release|Any CPU.ActiveCfg = Release|Any CPU
		{2502F0B5-1B72-4B7D-9561-A185752CA97B}.Release|Any CPU.Build.0 = Release|Any CPU
		{D69E8911-3484-4A24-B80E-565D593691FB}.Debug|Any CPU.ActiveCfg = Debug|Any CPU
		{D69E8911-3484-4A24-B80E-565D593691FB}.Debug|Any CPU.Build.0 = Debug|Any CPU
		{D69E8911-3484-4A24-B80E-565D593691FB}.Release|Any CPU.ActiveCfg = Release|Any CPU
		{D69E8911-3484-4A24-B80E-565D593691FB}.Release|Any CPU.Build.0 = Release|Any CPU
		{03CD9CF6-7F59-40E4-8B7B-EA25AAC78380}.Debug|Any CPU.ActiveCfg = Debug|Any CPU
		{03CD9CF6-7F59-40E4-8B7B-EA25AAC78380}.Debug|Any CPU.Build.0 = Debug|Any CPU
		{03CD9CF6-7F59-40E4-8B7B-EA25AAC78380}.Release|Any CPU.ActiveCfg = Release|Any CPU
		{03CD9CF6-7F59-40E4-8B7B-EA25AAC78380}.Release|Any CPU.Build.0 = Release|Any CPU
		{A0D12E2F-3AD0-4858-8134-B5850DFDB608}.Debug|Any CPU.ActiveCfg = Debug|Any CPU
		{A0D12E2F-3AD0-4858-8134-B5850DFDB608}.Debug|Any CPU.Build.0 = Debug|Any CPU
		{A0D12E2F-3AD0-4858-8134-B5850DFDB608}.Release|Any CPU.ActiveCfg = Release|Any CPU
		{A0D12E2F-3AD0-4858-8134-B5850DFDB608}.Release|Any CPU.Build.0 = Release|Any CPU
		{5A6D4866-2DC2-4B7C-BC41-EC7F7C6D9160}.Debug|Any CPU.ActiveCfg = Debug|Any CPU
		{5A6D4866-2DC2-4B7C-BC41-EC7F7C6D9160}.Debug|Any CPU.Build.0 = Debug|Any CPU
		{5A6D4866-2DC2-4B7C-BC41-EC7F7C6D9160}.Release|Any CPU.ActiveCfg = Release|Any CPU
		{5A6D4866-2DC2-4B7C-BC41-EC7F7C6D9160}.Release|Any CPU.Build.0 = Release|Any CPU
		{7A1FC3F1-537D-43EB-A67B-A222A8033E1B}.Debug|Any CPU.ActiveCfg = Debug|Any CPU
		{7A1FC3F1-537D-43EB-A67B-A222A8033E1B}.Debug|Any CPU.Build.0 = Debug|Any CPU
		{7A1FC3F1-537D-43EB-A67B-A222A8033E1B}.Release|Any CPU.ActiveCfg = Release|Any CPU
		{7A1FC3F1-537D-43EB-A67B-A222A8033E1B}.Release|Any CPU.Build.0 = Release|Any CPU
		{9FE4D6D3-1712-41C8-A379-F33C24CD8043}.Debug|Any CPU.ActiveCfg = Debug|Any CPU
		{9FE4D6D3-1712-41C8-A379-F33C24CD8043}.Debug|Any CPU.Build.0 = Debug|Any CPU
		{9FE4D6D3-1712-41C8-A379-F33C24CD8043}.Release|Any CPU.ActiveCfg = Release|Any CPU
		{9FE4D6D3-1712-41C8-A379-F33C24CD8043}.Release|Any CPU.Build.0 = Release|Any CPU
	EndGlobalSection
	GlobalSection(SolutionProperties) = preSolution
		HideSolutionNode = FALSE
	EndGlobalSection
	GlobalSection(NestedProjects) = preSolution
		{4B48DA9C-22C9-40B1-A564-145EE9E4D8D1} = {8C17B985-EFBD-4FBF-9653-19BC6B91FBFE}
		{B60B90D8-3740-4236-8762-CFF1DB84B113} = {4B48DA9C-22C9-40B1-A564-145EE9E4D8D1}
		{F67C6C50-1BA5-4985-B7F3-B31756C5B55F} = {B60B90D8-3740-4236-8762-CFF1DB84B113}
		{7F76E48A-D6E3-4D29-AC7F-C4B118B5B9B2} = {F67C6C50-1BA5-4985-B7F3-B31756C5B55F}
		{5DAF7A9C-CD52-4516-B041-262CA5BB0AAA} = {7F76E48A-D6E3-4D29-AC7F-C4B118B5B9B2}
		{2502F0B5-1B72-4B7D-9561-A185752CA97B} = {7F76E48A-D6E3-4D29-AC7F-C4B118B5B9B2}
		{E762E9DC-4ABC-41D4-B7AA-532B10779B4A} = {F67C6C50-1BA5-4985-B7F3-B31756C5B55F}
		{D69E8911-3484-4A24-B80E-565D593691FB} = {E762E9DC-4ABC-41D4-B7AA-532B10779B4A}
		{03CD9CF6-7F59-40E4-8B7B-EA25AAC78380} = {E762E9DC-4ABC-41D4-B7AA-532B10779B4A}
		{5EAAC942-9AF2-4EDE-9BAF-47E0E20E33CF} = {D01D82C5-B07F-4BE0-AAD2-ECFA543D855D}
		{2B4E4F36-38B4-4D1A-9F20-B2E46A8E1AF7} = {5EAAC942-9AF2-4EDE-9BAF-47E0E20E33CF}
		{85328BB4-F64C-4698-998D-07A542E9385C} = {2B4E4F36-38B4-4D1A-9F20-B2E46A8E1AF7}
		{393E4B4D-D038-4403-BB01-AD6E7CB05D9A} = {85328BB4-F64C-4698-998D-07A542E9385C}
		{2F1D76B9-7C56-4FB9-A3F4-78284BEE944E} = {393E4B4D-D038-4403-BB01-AD6E7CB05D9A}
		{A0D12E2F-3AD0-4858-8134-B5850DFDB608} = {2F1D76B9-7C56-4FB9-A3F4-78284BEE944E}
		{5A6D4866-2DC2-4B7C-BC41-EC7F7C6D9160} = {2F1D76B9-7C56-4FB9-A3F4-78284BEE944E}
		{CCC9FDD3-0186-4161-A486-3C599CBA1777} = {393E4B4D-D038-4403-BB01-AD6E7CB05D9A}
		{7A1FC3F1-537D-43EB-A67B-A222A8033E1B} = {CCC9FDD3-0186-4161-A486-3C599CBA1777}
		{9FE4D6D3-1712-41C8-A379-F33C24CD8043} = {CCC9FDD3-0186-4161-A486-3C599CBA1777}
	EndGlobalSection
	GlobalSection(ExtensibilityGlobals) = postSolution
		SolutionGuid = {E92C29AB-D46C-461C-B8D5-1B7BFFFD0FD4}
	EndGlobalSection
EndGlobal
