
Microsoft Visual Studio Solution File, Format Version 12.00
# Visual Studio Version 17
VisualStudioVersion = 17.5.002.0
MinimumVisualStudioVersion = 10.0.40219.1
Project("{2150E333-8FDC-42A3-9474-1A3956D46DE8}") = "target", "target", "{9D447657-6A89-4E5F-BE98-7C8462EEF817}"
EndProject
Project("{2150E333-8FDC-42A3-9474-1A3956D46DE8}") = "classes", "classes", "{AC45D6AA-4305-4EC3-98AF-5D3316E98030}"
EndProject
Project("{2150E333-8FDC-42A3-9474-1A3956D46DE8}") = "static", "static", "{9985C95E-79C5-4F56-8903-4DDDB512E5A2}"
EndProject
Project("{2150E333-8FDC-42A3-9474-1A3956D46DE8}") = "csharp", "csharp", "{367CC858-E627-4922-8AE5-575471157DDD}"
EndProject
Project("{2150E333-8FDC-42A3-9474-1A3956D46DE8}") = "descending", "descending", "{3C538F16-FB1C-4216-A8EA-DA49CEE7A1EC}"
EndProject
Project("{9A19103F-16F7-4668-BE54-9A1E7A4F7556}") = "QuickSortProject", "target\classes\static\csharp\descending\QuickSortProject\QuickSortProject.csproj", "{70BB2CFF-6D54-478C-8E9F-06CFB0AC9F81}"
EndProject
Project("{9A19103F-16F7-4668-BE54-9A1E7A4F7556}") = "BubbleSortProject", "target\classes\static\csharp\descending\BubbleSortProject\BubbleSortProject.csproj", "{AFEF9609-6852-43CC-B0D9-06D925707E86}"
EndProject
Project("{2150E333-8FDC-42A3-9474-1A3956D46DE8}") = "ascending", "ascending", "{AE9DF8E5-261F-41BC-A219-5F3C24AFD304}"
EndProject
Project("{9A19103F-16F7-4668-BE54-9A1E7A4F7556}") = "QuickSortProject", "target\classes\static\csharp\ascending\QuickSortProject\QuickSortProject.csproj", "{C06C7120-97BE-48B2-971D-71A517091BE3}"
EndProject
Project("{9A19103F-16F7-4668-BE54-9A1E7A4F7556}") = "BubbleSortAscending.cs", "target\classes\static\csharp\ascending\BubbleSortProject\BubbleSortAscending.cs.csproj", "{61EF3D6C-22C4-4FB4-81EC-7CF8B56D7DC1}"
EndProject
Project("{2150E333-8FDC-42A3-9474-1A3956D46DE8}") = "src", "src", "{D46F6261-63E9-4232-AAFA-A96C4A798F4B}"
EndProject
Project("{2150E333-8FDC-42A3-9474-1A3956D46DE8}") = "main", "main", "{1242113D-35D8-49DD-A1F1-1586D266B135}"
EndProject
Project("{2150E333-8FDC-42A3-9474-1A3956D46DE8}") = "resources", "resources", "{BDFB7491-024A-44EF-97D8-79E4553C6522}"
EndProject
Project("{2150E333-8FDC-42A3-9474-1A3956D46DE8}") = "static", "static", "{0094A2C5-FF72-4D84-AF84-F7A9B00641A1}"
EndProject
Project("{2150E333-8FDC-42A3-9474-1A3956D46DE8}") = "csharp", "csharp", "{EB8354DE-F906-4282-80E6-6F475F150807}"
EndProject
Project("{2150E333-8FDC-42A3-9474-1A3956D46DE8}") = "descending", "descending", "{437C9E61-C47D-4884-962F-B72153B14235}"
EndProject
Project("{9A19103F-16F7-4668-BE54-9A1E7A4F7556}") = "QuickSortProject", "src\main\resources\static\csharp\descending\QuickSortProject\QuickSortProject.csproj", "{F044A707-7515-4DD9-AC08-83DD71C3B7F0}"
EndProject
Project("{9A19103F-16F7-4668-BE54-9A1E7A4F7556}") = "BubbleSortProject", "src\main\resources\static\csharp\descending\BubbleSortProject\BubbleSortProject.csproj", "{B52100C5-EBE7-44C2-B6F8-891E8C925ED2}"
EndProject
Project("{2150E333-8FDC-42A3-9474-1A3956D46DE8}") = "ascending", "ascending", "{714FF7F1-B0B2-43F2-A811-C065A490FD17}"
EndProject
Project("{9A19103F-16F7-4668-BE54-9A1E7A4F7556}") = "QuickSortProject", "src\main\resources\static\csharp\ascending\QuickSortProject\QuickSortProject.csproj", "{705775CC-E57B-4757-BDE1-D58A33BE1094}"
EndProject
Project("{9A19103F-16F7-4668-BE54-9A1E7A4F7556}") = "BubbleSortAscending.cs", "src\main\resources\static\csharp\ascending\BubbleSortProject\BubbleSortAscending.cs.csproj", "{4F907FA5-AC55-42DE-9AAF-4A7AABCF38C1}"
EndProject
Global
	GlobalSection(SolutionConfigurationPlatforms) = preSolution
		Debug|Any CPU = Debug|Any CPU
		Release|Any CPU = Release|Any CPU
	EndGlobalSection
	GlobalSection(ProjectConfigurationPlatforms) = postSolution
		{70BB2CFF-6D54-478C-8E9F-06CFB0AC9F81}.Debug|Any CPU.ActiveCfg = Debug|Any CPU
		{70BB2CFF-6D54-478C-8E9F-06CFB0AC9F81}.Debug|Any CPU.Build.0 = Debug|Any CPU
		{70BB2CFF-6D54-478C-8E9F-06CFB0AC9F81}.Release|Any CPU.ActiveCfg = Release|Any CPU
		{70BB2CFF-6D54-478C-8E9F-06CFB0AC9F81}.Release|Any CPU.Build.0 = Release|Any CPU
		{AFEF9609-6852-43CC-B0D9-06D925707E86}.Debug|Any CPU.ActiveCfg = Debug|Any CPU
		{AFEF9609-6852-43CC-B0D9-06D925707E86}.Debug|Any CPU.Build.0 = Debug|Any CPU
		{AFEF9609-6852-43CC-B0D9-06D925707E86}.Release|Any CPU.ActiveCfg = Release|Any CPU
		{AFEF9609-6852-43CC-B0D9-06D925707E86}.Release|Any CPU.Build.0 = Release|Any CPU
		{C06C7120-97BE-48B2-971D-71A517091BE3}.Debug|Any CPU.ActiveCfg = Debug|Any CPU
		{C06C7120-97BE-48B2-971D-71A517091BE3}.Debug|Any CPU.Build.0 = Debug|Any CPU
		{C06C7120-97BE-48B2-971D-71A517091BE3}.Release|Any CPU.ActiveCfg = Release|Any CPU
		{C06C7120-97BE-48B2-971D-71A517091BE3}.Release|Any CPU.Build.0 = Release|Any CPU
		{61EF3D6C-22C4-4FB4-81EC-7CF8B56D7DC1}.Debug|Any CPU.ActiveCfg = Debug|Any CPU
		{61EF3D6C-22C4-4FB4-81EC-7CF8B56D7DC1}.Debug|Any CPU.Build.0 = Debug|Any CPU
		{61EF3D6C-22C4-4FB4-81EC-7CF8B56D7DC1}.Release|Any CPU.ActiveCfg = Release|Any CPU
		{61EF3D6C-22C4-4FB4-81EC-7CF8B56D7DC1}.Release|Any CPU.Build.0 = Release|Any CPU
		{F044A707-7515-4DD9-AC08-83DD71C3B7F0}.Debug|Any CPU.ActiveCfg = Debug|Any CPU
		{F044A707-7515-4DD9-AC08-83DD71C3B7F0}.Debug|Any CPU.Build.0 = Debug|Any CPU
		{F044A707-7515-4DD9-AC08-83DD71C3B7F0}.Release|Any CPU.ActiveCfg = Release|Any CPU
		{F044A707-7515-4DD9-AC08-83DD71C3B7F0}.Release|Any CPU.Build.0 = Release|Any CPU
		{B52100C5-EBE7-44C2-B6F8-891E8C925ED2}.Debug|Any CPU.ActiveCfg = Debug|Any CPU
		{B52100C5-EBE7-44C2-B6F8-891E8C925ED2}.Debug|Any CPU.Build.0 = Debug|Any CPU
		{B52100C5-EBE7-44C2-B6F8-891E8C925ED2}.Release|Any CPU.ActiveCfg = Release|Any CPU
		{B52100C5-EBE7-44C2-B6F8-891E8C925ED2}.Release|Any CPU.Build.0 = Release|Any CPU
		{705775CC-E57B-4757-BDE1-D58A33BE1094}.Debug|Any CPU.ActiveCfg = Debug|Any CPU
		{705775CC-E57B-4757-BDE1-D58A33BE1094}.Debug|Any CPU.Build.0 = Debug|Any CPU
		{705775CC-E57B-4757-BDE1-D58A33BE1094}.Release|Any CPU.ActiveCfg = Release|Any CPU
		{705775CC-E57B-4757-BDE1-D58A33BE1094}.Release|Any CPU.Build.0 = Release|Any CPU
		{4F907FA5-AC55-42DE-9AAF-4A7AABCF38C1}.Debug|Any CPU.ActiveCfg = Debug|Any CPU
		{4F907FA5-AC55-42DE-9AAF-4A7AABCF38C1}.Debug|Any CPU.Build.0 = Debug|Any CPU
		{4F907FA5-AC55-42DE-9AAF-4A7AABCF38C1}.Release|Any CPU.ActiveCfg = Release|Any CPU
		{4F907FA5-AC55-42DE-9AAF-4A7AABCF38C1}.Release|Any CPU.Build.0 = Release|Any CPU
	EndGlobalSection
	GlobalSection(SolutionProperties) = preSolution
		HideSolutionNode = FALSE
	EndGlobalSection
	GlobalSection(NestedProjects) = preSolution
		{AC45D6AA-4305-4EC3-98AF-5D3316E98030} = {9D447657-6A89-4E5F-BE98-7C8462EEF817}
		{9985C95E-79C5-4F56-8903-4DDDB512E5A2} = {AC45D6AA-4305-4EC3-98AF-5D3316E98030}
		{367CC858-E627-4922-8AE5-575471157DDD} = {9985C95E-79C5-4F56-8903-4DDDB512E5A2}
		{3C538F16-FB1C-4216-A8EA-DA49CEE7A1EC} = {367CC858-E627-4922-8AE5-575471157DDD}
		{70BB2CFF-6D54-478C-8E9F-06CFB0AC9F81} = {3C538F16-FB1C-4216-A8EA-DA49CEE7A1EC}
		{AFEF9609-6852-43CC-B0D9-06D925707E86} = {3C538F16-FB1C-4216-A8EA-DA49CEE7A1EC}
		{AE9DF8E5-261F-41BC-A219-5F3C24AFD304} = {367CC858-E627-4922-8AE5-575471157DDD}
		{C06C7120-97BE-48B2-971D-71A517091BE3} = {AE9DF8E5-261F-41BC-A219-5F3C24AFD304}
		{61EF3D6C-22C4-4FB4-81EC-7CF8B56D7DC1} = {AE9DF8E5-261F-41BC-A219-5F3C24AFD304}
		{1242113D-35D8-49DD-A1F1-1586D266B135} = {D46F6261-63E9-4232-AAFA-A96C4A798F4B}
		{BDFB7491-024A-44EF-97D8-79E4553C6522} = {1242113D-35D8-49DD-A1F1-1586D266B135}
		{0094A2C5-FF72-4D84-AF84-F7A9B00641A1} = {BDFB7491-024A-44EF-97D8-79E4553C6522}
		{EB8354DE-F906-4282-80E6-6F475F150807} = {0094A2C5-FF72-4D84-AF84-F7A9B00641A1}
		{437C9E61-C47D-4884-962F-B72153B14235} = {EB8354DE-F906-4282-80E6-6F475F150807}
		{F044A707-7515-4DD9-AC08-83DD71C3B7F0} = {437C9E61-C47D-4884-962F-B72153B14235}
		{B52100C5-EBE7-44C2-B6F8-891E8C925ED2} = {437C9E61-C47D-4884-962F-B72153B14235}
		{714FF7F1-B0B2-43F2-A811-C065A490FD17} = {EB8354DE-F906-4282-80E6-6F475F150807}
		{705775CC-E57B-4757-BDE1-D58A33BE1094} = {714FF7F1-B0B2-43F2-A811-C065A490FD17}
		{4F907FA5-AC55-42DE-9AAF-4A7AABCF38C1} = {714FF7F1-B0B2-43F2-A811-C065A490FD17}
	EndGlobalSection
	GlobalSection(ExtensibilityGlobals) = postSolution
		SolutionGuid = {3796C522-2CCE-4831-8008-4C3BAB8ECD6C}
	EndGlobalSection
EndGlobal
