
Microsoft Visual Studio Solution File, Format Version 12.00
# Visual Studio Version 17
VisualStudioVersion = 17.5.002.0
MinimumVisualStudioVersion = 10.0.40219.1
Project("{2150E333-8FDC-42A3-9474-1A3956D46DE8}") = "target", "target", "{B8AEC5E5-277B-4FD4-83CE-B71FCA211A97}"
EndProject
Project("{2150E333-8FDC-42A3-9474-1A3956D46DE8}") = "classes", "classes", "{B8D14BE4-8B6D-481C-A77D-3C2866A8D867}"
EndProject
Project("{2150E333-8FDC-42A3-9474-1A3956D46DE8}") = "static", "static", "{22F0E711-4B4D-4031-86F4-78BE56785A25}"
EndProject
Project("{2150E333-8FDC-42A3-9474-1A3956D46DE8}") = "csharp", "csharp", "{41B1B1FF-9868-4325-95CA-7FD9CFDAE918}"
EndProject
Project("{2150E333-8FDC-42A3-9474-1A3956D46DE8}") = "descending", "descending", "{02584C41-BFBC-4F28-93C3-27CBCFC6488E}"
EndProject
Project("{9A19103F-16F7-4668-BE54-9A1E7A4F7556}") = "QuickSortProject", "target\classes\static\csharp\descending\QuickSortProject\QuickSortProject.csproj", "{D0298EF9-08D0-47CB-8112-6297D979EAB8}"
EndProject
Project("{9A19103F-16F7-4668-BE54-9A1E7A4F7556}") = "BubbleSortProject", "target\classes\static\csharp\descending\BubbleSortProject\BubbleSortProject.csproj", "{3977F4F4-2849-4F7C-B594-EACC3FE9493B}"
EndProject
Project("{2150E333-8FDC-42A3-9474-1A3956D46DE8}") = "ascending", "ascending", "{A316D7FF-7134-4B6E-9C19-FA1132226BEB}"
EndProject
Project("{9A19103F-16F7-4668-BE54-9A1E7A4F7556}") = "QuickSortProject", "target\classes\static\csharp\ascending\QuickSortProject\QuickSortProject.csproj", "{C2C052EC-72EB-48B9-85B1-B9AF998DA71D}"
EndProject
Project("{9A19103F-16F7-4668-BE54-9A1E7A4F7556}") = "BubbleSortAscending.cs", "target\classes\static\csharp\ascending\BubbleSortProject\BubbleSortAscending.cs.csproj", "{40324D35-441B-4114-9EDA-E3CA1DB5FD37}"
EndProject
Project("{2150E333-8FDC-42A3-9474-1A3956D46DE8}") = "src", "src", "{EBA99007-AF89-4694-9A88-FFC6613A9BF2}"
EndProject
Project("{2150E333-8FDC-42A3-9474-1A3956D46DE8}") = "main", "main", "{C7CCEC0C-353A-40EA-9FF0-E61352A01D85}"
EndProject
Project("{2150E333-8FDC-42A3-9474-1A3956D46DE8}") = "resources", "resources", "{A51C8D4C-CBE9-457C-AB6C-4C97327BD4E4}"
EndProject
Project("{2150E333-8FDC-42A3-9474-1A3956D46DE8}") = "static", "static", "{C6DC945B-A124-4613-87DA-9469D2D93B3F}"
EndProject
Project("{2150E333-8FDC-42A3-9474-1A3956D46DE8}") = "csharp", "csharp", "{68F5F9E2-1D0B-47A8-A21A-F32AA65FABD0}"
EndProject
Project("{2150E333-8FDC-42A3-9474-1A3956D46DE8}") = "descending", "descending", "{0C49553B-090E-4B14-B747-F8C5D5A703C7}"
EndProject
Project("{9A19103F-16F7-4668-BE54-9A1E7A4F7556}") = "QuickSortProject", "src\main\resources\static\csharp\descending\QuickSortProject\QuickSortProject.csproj", "{E88CFEDA-B1C9-4C6E-866F-04B1805E9E90}"
EndProject
Project("{9A19103F-16F7-4668-BE54-9A1E7A4F7556}") = "BubbleSortProject", "src\main\resources\static\csharp\descending\BubbleSortProject\BubbleSortProject.csproj", "{B6E55F57-AB7B-48E5-9CCA-4D71F0C1BAD7}"
EndProject
Project("{2150E333-8FDC-42A3-9474-1A3956D46DE8}") = "ascending", "ascending", "{C3B5F91A-75D8-4460-9515-EB6045596A44}"
EndProject
Project("{9A19103F-16F7-4668-BE54-9A1E7A4F7556}") = "QuickSortProject", "src\main\resources\static\csharp\ascending\QuickSortProject\QuickSortProject.csproj", "{D45C7CDA-1D26-4F80-ACA1-79CAE2C9E93A}"
EndProject
Project("{9A19103F-16F7-4668-BE54-9A1E7A4F7556}") = "BubbleSortAscending.cs", "src\main\resources\static\csharp\ascending\BubbleSortProject\BubbleSortAscending.cs.csproj", "{F57033C2-3E8D-47E1-B369-109A8B9FB373}"
EndProject
Global
	GlobalSection(SolutionConfigurationPlatforms) = preSolution
		Debug|Any CPU = Debug|Any CPU
		Release|Any CPU = Release|Any CPU
	EndGlobalSection
	GlobalSection(ProjectConfigurationPlatforms) = postSolution
		{D0298EF9-08D0-47CB-8112-6297D979EAB8}.Debug|Any CPU.ActiveCfg = Debug|Any CPU
		{D0298EF9-08D0-47CB-8112-6297D979EAB8}.Debug|Any CPU.Build.0 = Debug|Any CPU
		{D0298EF9-08D0-47CB-8112-6297D979EAB8}.Release|Any CPU.ActiveCfg = Release|Any CPU
		{D0298EF9-08D0-47CB-8112-6297D979EAB8}.Release|Any CPU.Build.0 = Release|Any CPU
		{3977F4F4-2849-4F7C-B594-EACC3FE9493B}.Debug|Any CPU.ActiveCfg = Debug|Any CPU
		{3977F4F4-2849-4F7C-B594-EACC3FE9493B}.Debug|Any CPU.Build.0 = Debug|Any CPU
		{3977F4F4-2849-4F7C-B594-EACC3FE9493B}.Release|Any CPU.ActiveCfg = Release|Any CPU
		{3977F4F4-2849-4F7C-B594-EACC3FE9493B}.Release|Any CPU.Build.0 = Release|Any CPU
		{C2C052EC-72EB-48B9-85B1-B9AF998DA71D}.Debug|Any CPU.ActiveCfg = Debug|Any CPU
		{C2C052EC-72EB-48B9-85B1-B9AF998DA71D}.Debug|Any CPU.Build.0 = Debug|Any CPU
		{C2C052EC-72EB-48B9-85B1-B9AF998DA71D}.Release|Any CPU.ActiveCfg = Release|Any CPU
		{C2C052EC-72EB-48B9-85B1-B9AF998DA71D}.Release|Any CPU.Build.0 = Release|Any CPU
		{40324D35-441B-4114-9EDA-E3CA1DB5FD37}.Debug|Any CPU.ActiveCfg = Debug|Any CPU
		{40324D35-441B-4114-9EDA-E3CA1DB5FD37}.Debug|Any CPU.Build.0 = Debug|Any CPU
		{40324D35-441B-4114-9EDA-E3CA1DB5FD37}.Release|Any CPU.ActiveCfg = Release|Any CPU
		{40324D35-441B-4114-9EDA-E3CA1DB5FD37}.Release|Any CPU.Build.0 = Release|Any CPU
		{E88CFEDA-B1C9-4C6E-866F-04B1805E9E90}.Debug|Any CPU.ActiveCfg = Debug|Any CPU
		{E88CFEDA-B1C9-4C6E-866F-04B1805E9E90}.Debug|Any CPU.Build.0 = Debug|Any CPU
		{E88CFEDA-B1C9-4C6E-866F-04B1805E9E90}.Release|Any CPU.ActiveCfg = Release|Any CPU
		{E88CFEDA-B1C9-4C6E-866F-04B1805E9E90}.Release|Any CPU.Build.0 = Release|Any CPU
		{B6E55F57-AB7B-48E5-9CCA-4D71F0C1BAD7}.Debug|Any CPU.ActiveCfg = Debug|Any CPU
		{B6E55F57-AB7B-48E5-9CCA-4D71F0C1BAD7}.Debug|Any CPU.Build.0 = Debug|Any CPU
		{B6E55F57-AB7B-48E5-9CCA-4D71F0C1BAD7}.Release|Any CPU.ActiveCfg = Release|Any CPU
		{B6E55F57-AB7B-48E5-9CCA-4D71F0C1BAD7}.Release|Any CPU.Build.0 = Release|Any CPU
		{D45C7CDA-1D26-4F80-ACA1-79CAE2C9E93A}.Debug|Any CPU.ActiveCfg = Debug|Any CPU
		{D45C7CDA-1D26-4F80-ACA1-79CAE2C9E93A}.Debug|Any CPU.Build.0 = Debug|Any CPU
		{D45C7CDA-1D26-4F80-ACA1-79CAE2C9E93A}.Release|Any CPU.ActiveCfg = Release|Any CPU
		{D45C7CDA-1D26-4F80-ACA1-79CAE2C9E93A}.Release|Any CPU.Build.0 = Release|Any CPU
		{F57033C2-3E8D-47E1-B369-109A8B9FB373}.Debug|Any CPU.ActiveCfg = Debug|Any CPU
		{F57033C2-3E8D-47E1-B369-109A8B9FB373}.Debug|Any CPU.Build.0 = Debug|Any CPU
		{F57033C2-3E8D-47E1-B369-109A8B9FB373}.Release|Any CPU.ActiveCfg = Release|Any CPU
		{F57033C2-3E8D-47E1-B369-109A8B9FB373}.Release|Any CPU.Build.0 = Release|Any CPU
	EndGlobalSection
	GlobalSection(SolutionProperties) = preSolution
		HideSolutionNode = FALSE
	EndGlobalSection
	GlobalSection(NestedProjects) = preSolution
		{B8D14BE4-8B6D-481C-A77D-3C2866A8D867} = {B8AEC5E5-277B-4FD4-83CE-B71FCA211A97}
		{22F0E711-4B4D-4031-86F4-78BE56785A25} = {B8D14BE4-8B6D-481C-A77D-3C2866A8D867}
		{41B1B1FF-9868-4325-95CA-7FD9CFDAE918} = {22F0E711-4B4D-4031-86F4-78BE56785A25}
		{02584C41-BFBC-4F28-93C3-27CBCFC6488E} = {41B1B1FF-9868-4325-95CA-7FD9CFDAE918}
		{D0298EF9-08D0-47CB-8112-6297D979EAB8} = {02584C41-BFBC-4F28-93C3-27CBCFC6488E}
		{3977F4F4-2849-4F7C-B594-EACC3FE9493B} = {02584C41-BFBC-4F28-93C3-27CBCFC6488E}
		{A316D7FF-7134-4B6E-9C19-FA1132226BEB} = {41B1B1FF-9868-4325-95CA-7FD9CFDAE918}
		{C2C052EC-72EB-48B9-85B1-B9AF998DA71D} = {A316D7FF-7134-4B6E-9C19-FA1132226BEB}
		{40324D35-441B-4114-9EDA-E3CA1DB5FD37} = {A316D7FF-7134-4B6E-9C19-FA1132226BEB}
		{C7CCEC0C-353A-40EA-9FF0-E61352A01D85} = {EBA99007-AF89-4694-9A88-FFC6613A9BF2}
		{A51C8D4C-CBE9-457C-AB6C-4C97327BD4E4} = {C7CCEC0C-353A-40EA-9FF0-E61352A01D85}
		{C6DC945B-A124-4613-87DA-9469D2D93B3F} = {A51C8D4C-CBE9-457C-AB6C-4C97327BD4E4}
		{68F5F9E2-1D0B-47A8-A21A-F32AA65FABD0} = {C6DC945B-A124-4613-87DA-9469D2D93B3F}
		{0C49553B-090E-4B14-B747-F8C5D5A703C7} = {68F5F9E2-1D0B-47A8-A21A-F32AA65FABD0}
		{E88CFEDA-B1C9-4C6E-866F-04B1805E9E90} = {0C49553B-090E-4B14-B747-F8C5D5A703C7}
		{B6E55F57-AB7B-48E5-9CCA-4D71F0C1BAD7} = {0C49553B-090E-4B14-B747-F8C5D5A703C7}
		{C3B5F91A-75D8-4460-9515-EB6045596A44} = {68F5F9E2-1D0B-47A8-A21A-F32AA65FABD0}
		{D45C7CDA-1D26-4F80-ACA1-79CAE2C9E93A} = {C3B5F91A-75D8-4460-9515-EB6045596A44}
		{F57033C2-3E8D-47E1-B369-109A8B9FB373} = {C3B5F91A-75D8-4460-9515-EB6045596A44}
	EndGlobalSection
	GlobalSection(ExtensibilityGlobals) = postSolution
		SolutionGuid = {3796C522-2CCE-4831-8008-4C3BAB8ECD6C}
	EndGlobalSection
EndGlobal
